
Microsoft Visual Studio Solution File, Format Version 12.00
# Visual Studio Version 17
VisualStudioVersion = 17.3.32929.385
MinimumVisualStudioVersion = 10.0.40219.1
Project("{FAE04EC0-301F-11D3-BF4B-00C04F79EFBC}") = "ConsoleApp4", "ConsoleApp4.csproj", "{F32B1A52-246A-401F-9256-4A4609EF9E42}"
EndProject
Global
	GlobalSection(SolutionConfigurationPlatforms) = preSolution
		Debug|Any CPU = Debug|Any CPU
		Release|Any CPU = Release|Any CPU
	EndGlobalSection
	GlobalSection(ProjectConfigurationPlatforms) = postSolution
		{F32B1A52-246A-401F-9256-4A4609EF9E42}.Debug|Any CPU.ActiveCfg = Debug|Any CPU
		{F32B1A52-246A-401F-9256-4A4609EF9E42}.Debug|Any CPU.Build.0 = Debug|Any CPU
		{F32B1A52-246A-401F-9256-4A4609EF9E42}.Release|Any CPU.ActiveCfg = Release|Any CPU
		{F32B1A52-246A-401F-9256-4A4609EF9E42}.Release|Any CPU.Build.0 = Release|Any CPU
	EndGlobalSection
	GlobalSection(SolutionProperties) = preSolution
		HideSolutionNode = FALSE
	EndGlobalSection
	GlobalSection(ExtensibilityGlobals) = postSolution
		SolutionGuid = {5DAA1E08-FD89-48B0-B84B-1941F69F0C77}
	EndGlobalSection
EndGlobal
